// !$*UTF8*$!
{
	archiveVersion = 1;
	classes = {
	};
	objectVersion = 56;
	objects = {

/* Begin PBXBuildFile section */
		FA537F242C0F8197005FC3F9 /* Hospital_Management_SystemApp.swift in Sources */ = {isa = PBXBuildFile; fileRef = FA537F232C0F8197005FC3F9 /* Hospital_Management_SystemApp.swift */; };
		FA537F262C0F8197005FC3F9 /* ContentView.swift in Sources */ = {isa = PBXBuildFile; fileRef = FA537F252C0F8197005FC3F9 /* ContentView.swift */; };
		FA537F282C0F8199005FC3F9 /* Assets.xcassets in Resources */ = {isa = PBXBuildFile; fileRef = FA537F272C0F8199005FC3F9 /* Assets.xcassets */; };
		FA537F2B2C0F8199005FC3F9 /* Preview Assets.xcassets in Resources */ = {isa = PBXBuildFile; fileRef = FA537F2A2C0F8199005FC3F9 /* Preview Assets.xcassets */; };
		FA537F352C0F8265005FC3F9 /* initialRoute.swift in Sources */ = {isa = PBXBuildFile; fileRef = FA537F342C0F8265005FC3F9 /* initialRoute.swift */; };
		FA537F392C0F82C7005FC3F9 /* Patient.swift in Sources */ = {isa = PBXBuildFile; fileRef = FA537F382C0F82C7005FC3F9 /* Patient.swift */; };
		FA537F3B2C0F82CF005FC3F9 /* Doctor.swift in Sources */ = {isa = PBXBuildFile; fileRef = FA537F3A2C0F82CF005FC3F9 /* Doctor.swift */; };
		FA537F3D2C0F82DE005FC3F9 /* Admin.swift in Sources */ = {isa = PBXBuildFile; fileRef = FA537F3C2C0F82DE005FC3F9 /* Admin.swift */; };
		FA537F3F2C0F9638005FC3F9 /* User.swift in Sources */ = {isa = PBXBuildFile; fileRef = FA537F3E2C0F9638005FC3F9 /* User.swift */; };
		FA537F512C0FA069005FC3F9 /* MainPatientView.swift in Sources */ = {isa = PBXBuildFile; fileRef = FA537F502C0FA069005FC3F9 /* MainPatientView.swift */; };
		FA537F532C0FA079005FC3F9 /* MainDoctorView.swift in Sources */ = {isa = PBXBuildFile; fileRef = FA537F522C0FA079005FC3F9 /* MainDoctorView.swift */; };
		FA537F552C0FA088005FC3F9 /* MainAdminView.swift in Sources */ = {isa = PBXBuildFile; fileRef = FA537F542C0FA088005FC3F9 /* MainAdminView.swift */; };
		FA537F572C0FA0C3005FC3F9 /* CategoriesListView.swift in Sources */ = {isa = PBXBuildFile; fileRef = FA537F562C0FA0C3005FC3F9 /* CategoriesListView.swift */; };
		FA537F592C0FA0E0005FC3F9 /* DoctorsListView.swift in Sources */ = {isa = PBXBuildFile; fileRef = FA537F582C0FA0E0005FC3F9 /* DoctorsListView.swift */; };
		FA537F5B2C0FA14C005FC3F9 /* DetailedDoctorView.swift in Sources */ = {isa = PBXBuildFile; fileRef = FA537F5A2C0FA14C005FC3F9 /* DetailedDoctorView.swift */; };
		FA537F5D2C0FA17C005FC3F9 /* ProfileContentView.swift in Sources */ = {isa = PBXBuildFile; fileRef = FA537F5C2C0FA17C005FC3F9 /* ProfileContentView.swift */; };
		FA537F5F2C0FA194005FC3F9 /* HealthDetailsView.swift in Sources */ = {isa = PBXBuildFile; fileRef = FA537F5E2C0FA194005FC3F9 /* HealthDetailsView.swift */; };
		FA537F612C0FA2B7005FC3F9 /* PatientHomeView.swift in Sources */ = {isa = PBXBuildFile; fileRef = FA537F602C0FA2B7005FC3F9 /* PatientHomeView.swift */; };
		FA537F632C0FA2DB005FC3F9 /* LaboratoryContentView.swift in Sources */ = {isa = PBXBuildFile; fileRef = FA537F622C0FA2DB005FC3F9 /* LaboratoryContentView.swift */; };
		FA537F652C0FA325005FC3F9 /* PatientAppointmentsView.swift in Sources */ = {isa = PBXBuildFile; fileRef = FA537F642C0FA325005FC3F9 /* PatientAppointmentsView.swift */; };
		FA537F672C0FAB00005FC3F9 /* ScheduledAppointmentsView.swift in Sources */ = {isa = PBXBuildFile; fileRef = FA537F662C0FAB00005FC3F9 /* ScheduledAppointmentsView.swift */; };
		FA537F692C0FAB0F005FC3F9 /* PatientsListView.swift in Sources */ = {isa = PBXBuildFile; fileRef = FA537F682C0FAB0F005FC3F9 /* PatientsListView.swift */; };
		FA537F6B2C0FAB20005FC3F9 /* DoctorProfileView.swift in Sources */ = {isa = PBXBuildFile; fileRef = FA537F6A2C0FAB20005FC3F9 /* DoctorProfileView.swift */; };
		FA537F6D2C0FAB41005FC3F9 /* DoctorHomeView.swift in Sources */ = {isa = PBXBuildFile; fileRef = FA537F6C2C0FAB41005FC3F9 /* DoctorHomeView.swift */; };
		FA537F6F2C0FABBC005FC3F9 /* AdminHomeView.swift in Sources */ = {isa = PBXBuildFile; fileRef = FA537F6E2C0FABBC005FC3F9 /* AdminHomeView.swift */; };
		FA537F712C0FABD6005FC3F9 /* DoctorsList-AdminView.swift in Sources */ = {isa = PBXBuildFile; fileRef = FA537F702C0FABD6005FC3F9 /* DoctorsList-AdminView.swift */; };
		FA537F732C0FAC2D005FC3F9 /* LaboratoryTests_AdminView.swift in Sources */ = {isa = PBXBuildFile; fileRef = FA537F722C0FAC2D005FC3F9 /* LaboratoryTests_AdminView.swift */; };
		FA537F752C0FAC40005FC3F9 /* PatientsList_AdminView.swift in Sources */ = {isa = PBXBuildFile; fileRef = FA537F742C0FAC40005FC3F9 /* PatientsList_AdminView.swift */; };
		FAB1FF582C10185800098E63 /* Appointment.swift in Sources */ = {isa = PBXBuildFile; fileRef = FAB1FF572C10185800098E63 /* Appointment.swift */; };
		FAB1FF5B2C103A7300098E63 /* userSignUp.swift in Sources */ = {isa = PBXBuildFile; fileRef = FAB1FF5A2C103A7300098E63 /* userSignUp.swift */; };
		FAB1FF5D2C103A7F00098E63 /* userSignIn.swift in Sources */ = {isa = PBXBuildFile; fileRef = FAB1FF5C2C103A7F00098E63 /* userSignIn.swift */; };
		FAB1FF5F2C105DBC00098E63 /* auth.swift in Sources */ = {isa = PBXBuildFile; fileRef = FAB1FF5E2C105DBC00098E63 /* auth.swift */; };
		FAB1FF612C106F4500098E63 /* patientController.swift in Sources */ = {isa = PBXBuildFile; fileRef = FAB1FF602C106F4500098E63 /* patientController.swift */; };
		FAB1FF632C10AA3900098E63 /* LabTestsList.swift in Sources */ = {isa = PBXBuildFile; fileRef = FAB1FF622C10AA3900098E63 /* LabTestsList.swift */; };
		FABDC3542C1233D900464A9F /* bookLabAppointmentsView.swift in Sources */ = {isa = PBXBuildFile; fileRef = FABDC3532C1233D900464A9F /* bookLabAppointmentsView.swift */; };
		FABF630B2C11AC1E00F7EB75 /* BookAppointmentView.swift in Sources */ = {isa = PBXBuildFile; fileRef = FABF630A2C11AC1E00F7EB75 /* BookAppointmentView.swift */; };
		FAC07AF62C14BD5000589388 /* labController.swift in Sources */ = {isa = PBXBuildFile; fileRef = FAC07AF52C14BD5000589388 /* labController.swift */; };
		FAE2454A2C146F7E007A45E0 /* verifyingDoctorsView.swift in Sources */ = {isa = PBXBuildFile; fileRef = FAE245492C146F7E007A45E0 /* verifyingDoctorsView.swift */; };
		FAE2454C2C146FB9007A45E0 /* adminController.swift in Sources */ = {isa = PBXBuildFile; fileRef = FAE2454B2C146FB9007A45E0 /* adminController.swift */; };
/* End PBXBuildFile section */

/* Begin PBXFileReference section */
		FA537F202C0F8197005FC3F9 /* Hospital-Management-System.app */ = {isa = PBXFileReference; explicitFileType = wrapper.application; includeInIndex = 0; path = "Hospital-Management-System.app"; sourceTree = BUILT_PRODUCTS_DIR; };
		FA537F232C0F8197005FC3F9 /* Hospital_Management_SystemApp.swift */ = {isa = PBXFileReference; lastKnownFileType = sourcecode.swift; path = Hospital_Management_SystemApp.swift; sourceTree = "<group>"; };
		FA537F252C0F8197005FC3F9 /* ContentView.swift */ = {isa = PBXFileReference; lastKnownFileType = sourcecode.swift; path = ContentView.swift; sourceTree = "<group>"; };
		FA537F272C0F8199005FC3F9 /* Assets.xcassets */ = {isa = PBXFileReference; lastKnownFileType = folder.assetcatalog; path = Assets.xcassets; sourceTree = "<group>"; };
		FA537F2A2C0F8199005FC3F9 /* Preview Assets.xcassets */ = {isa = PBXFileReference; lastKnownFileType = folder.assetcatalog; path = "Preview Assets.xcassets"; sourceTree = "<group>"; };
		FA537F342C0F8265005FC3F9 /* initialRoute.swift */ = {isa = PBXFileReference; lastKnownFileType = sourcecode.swift; path = initialRoute.swift; sourceTree = "<group>"; };
		FA537F382C0F82C7005FC3F9 /* Patient.swift */ = {isa = PBXFileReference; lastKnownFileType = sourcecode.swift; path = Patient.swift; sourceTree = "<group>"; };
		FA537F3A2C0F82CF005FC3F9 /* Doctor.swift */ = {isa = PBXFileReference; lastKnownFileType = sourcecode.swift; path = Doctor.swift; sourceTree = "<group>"; };
		FA537F3C2C0F82DE005FC3F9 /* Admin.swift */ = {isa = PBXFileReference; lastKnownFileType = sourcecode.swift; path = Admin.swift; sourceTree = "<group>"; };
		FA537F3E2C0F9638005FC3F9 /* User.swift */ = {isa = PBXFileReference; lastKnownFileType = sourcecode.swift; path = User.swift; sourceTree = "<group>"; };
		FA537F502C0FA069005FC3F9 /* MainPatientView.swift */ = {isa = PBXFileReference; lastKnownFileType = sourcecode.swift; path = MainPatientView.swift; sourceTree = "<group>"; };
		FA537F522C0FA079005FC3F9 /* MainDoctorView.swift */ = {isa = PBXFileReference; lastKnownFileType = sourcecode.swift; path = MainDoctorView.swift; sourceTree = "<group>"; };
		FA537F542C0FA088005FC3F9 /* MainAdminView.swift */ = {isa = PBXFileReference; lastKnownFileType = sourcecode.swift; path = MainAdminView.swift; sourceTree = "<group>"; };
		FA537F562C0FA0C3005FC3F9 /* CategoriesListView.swift */ = {isa = PBXFileReference; lastKnownFileType = sourcecode.swift; path = CategoriesListView.swift; sourceTree = "<group>"; };
		FA537F582C0FA0E0005FC3F9 /* DoctorsListView.swift */ = {isa = PBXFileReference; lastKnownFileType = sourcecode.swift; path = DoctorsListView.swift; sourceTree = "<group>"; };
		FA537F5A2C0FA14C005FC3F9 /* DetailedDoctorView.swift */ = {isa = PBXFileReference; lastKnownFileType = sourcecode.swift; path = DetailedDoctorView.swift; sourceTree = "<group>"; };
		FA537F5C2C0FA17C005FC3F9 /* ProfileContentView.swift */ = {isa = PBXFileReference; lastKnownFileType = sourcecode.swift; path = ProfileContentView.swift; sourceTree = "<group>"; };
		FA537F5E2C0FA194005FC3F9 /* HealthDetailsView.swift */ = {isa = PBXFileReference; lastKnownFileType = sourcecode.swift; path = HealthDetailsView.swift; sourceTree = "<group>"; };
		FA537F602C0FA2B7005FC3F9 /* PatientHomeView.swift */ = {isa = PBXFileReference; lastKnownFileType = sourcecode.swift; path = PatientHomeView.swift; sourceTree = "<group>"; };
		FA537F622C0FA2DB005FC3F9 /* LaboratoryContentView.swift */ = {isa = PBXFileReference; lastKnownFileType = sourcecode.swift; path = LaboratoryContentView.swift; sourceTree = "<group>"; };
		FA537F642C0FA325005FC3F9 /* PatientAppointmentsView.swift */ = {isa = PBXFileReference; lastKnownFileType = sourcecode.swift; path = PatientAppointmentsView.swift; sourceTree = "<group>"; };
		FA537F662C0FAB00005FC3F9 /* ScheduledAppointmentsView.swift */ = {isa = PBXFileReference; lastKnownFileType = sourcecode.swift; path = ScheduledAppointmentsView.swift; sourceTree = "<group>"; };
		FA537F682C0FAB0F005FC3F9 /* PatientsListView.swift */ = {isa = PBXFileReference; lastKnownFileType = sourcecode.swift; path = PatientsListView.swift; sourceTree = "<group>"; };
		FA537F6A2C0FAB20005FC3F9 /* DoctorProfileView.swift */ = {isa = PBXFileReference; lastKnownFileType = sourcecode.swift; path = DoctorProfileView.swift; sourceTree = "<group>"; };
		FA537F6C2C0FAB41005FC3F9 /* DoctorHomeView.swift */ = {isa = PBXFileReference; lastKnownFileType = sourcecode.swift; path = DoctorHomeView.swift; sourceTree = "<group>"; };
		FA537F6E2C0FABBC005FC3F9 /* AdminHomeView.swift */ = {isa = PBXFileReference; lastKnownFileType = sourcecode.swift; path = AdminHomeView.swift; sourceTree = "<group>"; };
		FA537F702C0FABD6005FC3F9 /* DoctorsList-AdminView.swift */ = {isa = PBXFileReference; lastKnownFileType = sourcecode.swift; path = "DoctorsList-AdminView.swift"; sourceTree = "<group>"; };
		FA537F722C0FAC2D005FC3F9 /* LaboratoryTests_AdminView.swift */ = {isa = PBXFileReference; lastKnownFileType = sourcecode.swift; path = LaboratoryTests_AdminView.swift; sourceTree = "<group>"; };
		FA537F742C0FAC40005FC3F9 /* PatientsList_AdminView.swift */ = {isa = PBXFileReference; lastKnownFileType = sourcecode.swift; path = PatientsList_AdminView.swift; sourceTree = "<group>"; };
		FAB1FF572C10185800098E63 /* Appointment.swift */ = {isa = PBXFileReference; lastKnownFileType = sourcecode.swift; path = Appointment.swift; sourceTree = "<group>"; };
		FAB1FF5A2C103A7300098E63 /* userSignUp.swift */ = {isa = PBXFileReference; lastKnownFileType = sourcecode.swift; path = userSignUp.swift; sourceTree = "<group>"; };
		FAB1FF5C2C103A7F00098E63 /* userSignIn.swift */ = {isa = PBXFileReference; lastKnownFileType = sourcecode.swift; path = userSignIn.swift; sourceTree = "<group>"; };
		FAB1FF5E2C105DBC00098E63 /* auth.swift */ = {isa = PBXFileReference; lastKnownFileType = sourcecode.swift; path = auth.swift; sourceTree = "<group>"; };
		FAB1FF602C106F4500098E63 /* patientController.swift */ = {isa = PBXFileReference; lastKnownFileType = sourcecode.swift; path = patientController.swift; sourceTree = "<group>"; };
		FAB1FF622C10AA3900098E63 /* LabTestsList.swift */ = {isa = PBXFileReference; lastKnownFileType = sourcecode.swift; path = LabTestsList.swift; sourceTree = "<group>"; };
		FABDC3532C1233D900464A9F /* bookLabAppointmentsView.swift */ = {isa = PBXFileReference; lastKnownFileType = sourcecode.swift; path = bookLabAppointmentsView.swift; sourceTree = "<group>"; };
		FABF630A2C11AC1E00F7EB75 /* BookAppointmentView.swift */ = {isa = PBXFileReference; lastKnownFileType = sourcecode.swift; path = BookAppointmentView.swift; sourceTree = "<group>"; };
		FAC07AF52C14BD5000589388 /* labController.swift */ = {isa = PBXFileReference; lastKnownFileType = sourcecode.swift; path = labController.swift; sourceTree = "<group>"; };
		FAE245492C146F7E007A45E0 /* verifyingDoctorsView.swift */ = {isa = PBXFileReference; lastKnownFileType = sourcecode.swift; path = verifyingDoctorsView.swift; sourceTree = "<group>"; };
		FAE2454B2C146FB9007A45E0 /* adminController.swift */ = {isa = PBXFileReference; lastKnownFileType = sourcecode.swift; path = adminController.swift; sourceTree = "<group>"; };
/* End PBXFileReference section */

/* Begin PBXFrameworksBuildPhase section */
		FA537F1D2C0F8197005FC3F9 /* Frameworks */ = {
			isa = PBXFrameworksBuildPhase;
			buildActionMask = 2147483647;
			files = (
			);
			runOnlyForDeploymentPostprocessing = 0;
		};
/* End PBXFrameworksBuildPhase section */

/* Begin PBXGroup section */
		FA537F172C0F8197005FC3F9 = {
			isa = PBXGroup;
			children = (
				FA537F222C0F8197005FC3F9 /* Hospital-Management-System */,
				FA537F212C0F8197005FC3F9 /* Products */,
			);
			sourceTree = "<group>";
		};
		FA537F212C0F8197005FC3F9 /* Products */ = {
			isa = PBXGroup;
			children = (
				FA537F202C0F8197005FC3F9 /* Hospital-Management-System.app */,
			);
			name = Products;
			sourceTree = "<group>";
		};
		FA537F222C0F8197005FC3F9 /* Hospital-Management-System */ = {
			isa = PBXGroup;
			children = (
				FAB1FF592C103A4E00098E63 /* Authentication */,
				FA537F332C0F823D005FC3F9 /* Controllers */,
				FA537F322C0F81B1005FC3F9 /* Models */,
				FA537F312C0F81A8005FC3F9 /* Views */,
				FA537F232C0F8197005FC3F9 /* Hospital_Management_SystemApp.swift */,
				FA537F252C0F8197005FC3F9 /* ContentView.swift */,
				FA537F272C0F8199005FC3F9 /* Assets.xcassets */,
				FA537F292C0F8199005FC3F9 /* Preview Content */,
			);
			path = "Hospital-Management-System";
			sourceTree = "<group>";
		};
		FA537F292C0F8199005FC3F9 /* Preview Content */ = {
			isa = PBXGroup;
			children = (
				FA537F2A2C0F8199005FC3F9 /* Preview Assets.xcassets */,
			);
			path = "Preview Content";
			sourceTree = "<group>";
		};
		FA537F312C0F81A8005FC3F9 /* Views */ = {
			isa = PBXGroup;
			children = (
				FA537F422C0F9DDF005FC3F9 /* Admin */,
				FA537F412C0F9DD9005FC3F9 /* Doctor */,
				FA537F402C0F9DC8005FC3F9 /* Patient */,
			);
			path = Views;
			sourceTree = "<group>";
		};
		FA537F322C0F81B1005FC3F9 /* Models */ = {
			isa = PBXGroup;
			children = (
				FA537F382C0F82C7005FC3F9 /* Patient.swift */,
				FA537F3A2C0F82CF005FC3F9 /* Doctor.swift */,
				FA537F3C2C0F82DE005FC3F9 /* Admin.swift */,
				FA537F3E2C0F9638005FC3F9 /* User.swift */,
				FAB1FF572C10185800098E63 /* Appointment.swift */,
				FAB1FF622C10AA3900098E63 /* LabTestsList.swift */,
			);
			path = Models;
			sourceTree = "<group>";
		};
		FA537F332C0F823D005FC3F9 /* Controllers */ = {
			isa = PBXGroup;
			children = (
				FA537F342C0F8265005FC3F9 /* initialRoute.swift */,
				FAB1FF5E2C105DBC00098E63 /* auth.swift */,
				FAB1FF602C106F4500098E63 /* patientController.swift */,
				FAE2454B2C146FB9007A45E0 /* adminController.swift */,
				FAC07AF52C14BD5000589388 /* labController.swift */,
			);
			path = Controllers;
			sourceTree = "<group>";
		};
		FA537F402C0F9DC8005FC3F9 /* Patient */ = {
			isa = PBXGroup;
			children = (
				FA537F472C0F9E2F005FC3F9 /* Profile */,
				FA537F462C0F9E25005FC3F9 /* LabTests */,
				FA537F452C0F9E1F005FC3F9 /* Doctors */,
				FA537F442C0F9E14005FC3F9 /* Appointments */,
				FA537F432C0F9DEA005FC3F9 /* Home */,
				FA537F502C0FA069005FC3F9 /* MainPatientView.swift */,
			);
			path = Patient;
			sourceTree = "<group>";
		};
		FA537F412C0F9DD9005FC3F9 /* Doctor */ = {
			isa = PBXGroup;
			children = (
				FA537F4B2C0F9E76005FC3F9 /* Profile */,
				FA537F4A2C0F9E6C005FC3F9 /* Patients */,
				FA537F492C0F9E62005FC3F9 /* Appointments */,
				FA537F482C0F9E59005FC3F9 /* Home */,
				FA537F522C0FA079005FC3F9 /* MainDoctorView.swift */,
			);
			path = Doctor;
			sourceTree = "<group>";
		};
		FA537F422C0F9DDF005FC3F9 /* Admin */ = {
			isa = PBXGroup;
			children = (
				FA537F4F2C0F9EFE005FC3F9 /* Patients */,
				FA537F4E2C0F9EF3005FC3F9 /* LabTests */,
				FA537F4D2C0F9EE7005FC3F9 /* Doctors */,
				FA537F4C2C0F9EE1005FC3F9 /* Home */,
				FA537F542C0FA088005FC3F9 /* MainAdminView.swift */,
			);
			path = Admin;
			sourceTree = "<group>";
		};
		FA537F432C0F9DEA005FC3F9 /* Home */ = {
			isa = PBXGroup;
			children = (
				FA537F602C0FA2B7005FC3F9 /* PatientHomeView.swift */,
			);
			path = Home;
			sourceTree = "<group>";
		};
		FA537F442C0F9E14005FC3F9 /* Appointments */ = {
			isa = PBXGroup;
			children = (
				FA537F642C0FA325005FC3F9 /* PatientAppointmentsView.swift */,
			);
			path = Appointments;
			sourceTree = "<group>";
		};
		FA537F452C0F9E1F005FC3F9 /* Doctors */ = {
			isa = PBXGroup;
			children = (
				FA537F562C0FA0C3005FC3F9 /* CategoriesListView.swift */,
				FA537F582C0FA0E0005FC3F9 /* DoctorsListView.swift */,
				FA537F5A2C0FA14C005FC3F9 /* DetailedDoctorView.swift */,
				FABF630A2C11AC1E00F7EB75 /* BookAppointmentView.swift */,
			);
			path = Doctors;
			sourceTree = "<group>";
		};
		FA537F462C0F9E25005FC3F9 /* LabTests */ = {
			isa = PBXGroup;
			children = (
				FA537F622C0FA2DB005FC3F9 /* LaboratoryContentView.swift */,
				FABDC3532C1233D900464A9F /* bookLabAppointmentsView.swift */,
			);
			path = LabTests;
			sourceTree = "<group>";
		};
		FA537F472C0F9E2F005FC3F9 /* Profile */ = {
			isa = PBXGroup;
			children = (
				FA537F5C2C0FA17C005FC3F9 /* ProfileContentView.swift */,
				FA537F5E2C0FA194005FC3F9 /* HealthDetailsView.swift */,
			);
			path = Profile;
			sourceTree = "<group>";
		};
		FA537F482C0F9E59005FC3F9 /* Home */ = {
			isa = PBXGroup;
			children = (
				FA537F6C2C0FAB41005FC3F9 /* DoctorHomeView.swift */,
			);
			path = Home;
			sourceTree = "<group>";
		};
		FA537F492C0F9E62005FC3F9 /* Appointments */ = {
			isa = PBXGroup;
			children = (
				FA537F662C0FAB00005FC3F9 /* ScheduledAppointmentsView.swift */,
			);
			path = Appointments;
			sourceTree = "<group>";
		};
		FA537F4A2C0F9E6C005FC3F9 /* Patients */ = {
			isa = PBXGroup;
			children = (
				FA537F682C0FAB0F005FC3F9 /* PatientsListView.swift */,
			);
			path = Patients;
			sourceTree = "<group>";
		};
		FA537F4B2C0F9E76005FC3F9 /* Profile */ = {
			isa = PBXGroup;
			children = (
				FA537F6A2C0FAB20005FC3F9 /* DoctorProfileView.swift */,
			);
			path = Profile;
			sourceTree = "<group>";
		};
		FA537F4C2C0F9EE1005FC3F9 /* Home */ = {
			isa = PBXGroup;
			children = (
				FA537F6E2C0FABBC005FC3F9 /* AdminHomeView.swift */,
				FAE245492C146F7E007A45E0 /* verifyingDoctorsView.swift */,
			);
			path = Home;
			sourceTree = "<group>";
		};
		FA537F4D2C0F9EE7005FC3F9 /* Doctors */ = {
			isa = PBXGroup;
			children = (
				FA537F702C0FABD6005FC3F9 /* DoctorsList-AdminView.swift */,
			);
			path = Doctors;
			sourceTree = "<group>";
		};
		FA537F4E2C0F9EF3005FC3F9 /* LabTests */ = {
			isa = PBXGroup;
			children = (
				FA537F722C0FAC2D005FC3F9 /* LaboratoryTests_AdminView.swift */,
			);
			path = LabTests;
			sourceTree = "<group>";
		};
		FA537F4F2C0F9EFE005FC3F9 /* Patients */ = {
			isa = PBXGroup;
			children = (
				FA537F742C0FAC40005FC3F9 /* PatientsList_AdminView.swift */,
			);
			path = Patients;
			sourceTree = "<group>";
		};
		FAB1FF592C103A4E00098E63 /* Authentication */ = {
			isa = PBXGroup;
			children = (
				FAB1FF5A2C103A7300098E63 /* userSignUp.swift */,
				FAB1FF5C2C103A7F00098E63 /* userSignIn.swift */,
			);
			path = Authentication;
			sourceTree = "<group>";
		};
/* End PBXGroup section */

/* Begin PBXNativeTarget section */
		FA537F1F2C0F8197005FC3F9 /* Hospital-Management-System */ = {
			isa = PBXNativeTarget;
			buildConfigurationList = FA537F2E2C0F8199005FC3F9 /* Build configuration list for PBXNativeTarget "Hospital-Management-System" */;
			buildPhases = (
				FA537F1C2C0F8197005FC3F9 /* Sources */,
				FA537F1D2C0F8197005FC3F9 /* Frameworks */,
				FA537F1E2C0F8197005FC3F9 /* Resources */,
			);
			buildRules = (
			);
			dependencies = (
			);
			name = "Hospital-Management-System";
			productName = "Hospital-Management-System";
			productReference = FA537F202C0F8197005FC3F9 /* Hospital-Management-System.app */;
			productType = "com.apple.product-type.application";
		};
/* End PBXNativeTarget section */

/* Begin PBXProject section */
		FA537F182C0F8197005FC3F9 /* Project object */ = {
			isa = PBXProject;
			attributes = {
				BuildIndependentTargetsInParallel = 1;
				LastSwiftUpdateCheck = 1540;
				LastUpgradeCheck = 1540;
				TargetAttributes = {
					FA537F1F2C0F8197005FC3F9 = {
						CreatedOnToolsVersion = 15.4;
					};
				};
			};
			buildConfigurationList = FA537F1B2C0F8197005FC3F9 /* Build configuration list for PBXProject "Hospital-Management-System" */;
			compatibilityVersion = "Xcode 14.0";
			developmentRegion = en;
			hasScannedForEncodings = 0;
			knownRegions = (
				en,
				Base,
			);
			mainGroup = FA537F172C0F8197005FC3F9;
			productRefGroup = FA537F212C0F8197005FC3F9 /* Products */;
			projectDirPath = "";
			projectRoot = "";
			targets = (
				FA537F1F2C0F8197005FC3F9 /* Hospital-Management-System */,
			);
		};
/* End PBXProject section */

/* Begin PBXResourcesBuildPhase section */
		FA537F1E2C0F8197005FC3F9 /* Resources */ = {
			isa = PBXResourcesBuildPhase;
			buildActionMask = 2147483647;
			files = (
				FA537F2B2C0F8199005FC3F9 /* Preview Assets.xcassets in Resources */,
				FA537F282C0F8199005FC3F9 /* Assets.xcassets in Resources */,
			);
			runOnlyForDeploymentPostprocessing = 0;
		};
/* End PBXResourcesBuildPhase section */

/* Begin PBXSourcesBuildPhase section */
		FA537F1C2C0F8197005FC3F9 /* Sources */ = {
			isa = PBXSourcesBuildPhase;
			buildActionMask = 2147483647;
			files = (
				FAB1FF5B2C103A7300098E63 /* userSignUp.swift in Sources */,
				FAB1FF5F2C105DBC00098E63 /* auth.swift in Sources */,
				FA537F262C0F8197005FC3F9 /* ContentView.swift in Sources */,
				FA537F3B2C0F82CF005FC3F9 /* Doctor.swift in Sources */,
				FAB1FF5D2C103A7F00098E63 /* userSignIn.swift in Sources */,
				FA537F532C0FA079005FC3F9 /* MainDoctorView.swift in Sources */,
				FA537F3D2C0F82DE005FC3F9 /* Admin.swift in Sources */,
				FAB1FF612C106F4500098E63 /* patientController.swift in Sources */,
				FA537F692C0FAB0F005FC3F9 /* PatientsListView.swift in Sources */,
				FA537F652C0FA325005FC3F9 /* PatientAppointmentsView.swift in Sources */,
				FA537F632C0FA2DB005FC3F9 /* LaboratoryContentView.swift in Sources */,
				FAB1FF632C10AA3900098E63 /* LabTestsList.swift in Sources */,
				FA537F352C0F8265005FC3F9 /* initialRoute.swift in Sources */,
				FA537F6F2C0FABBC005FC3F9 /* AdminHomeView.swift in Sources */,
				FA537F6B2C0FAB20005FC3F9 /* DoctorProfileView.swift in Sources */,
				FAE2454A2C146F7E007A45E0 /* verifyingDoctorsView.swift in Sources */,
				FABDC3542C1233D900464A9F /* bookLabAppointmentsView.swift in Sources */,
				FAE2454C2C146FB9007A45E0 /* adminController.swift in Sources */,
				FA537F592C0FA0E0005FC3F9 /* DoctorsListView.swift in Sources */,
				FA537F5D2C0FA17C005FC3F9 /* ProfileContentView.swift in Sources */,
				FAB1FF582C10185800098E63 /* Appointment.swift in Sources */,
				FA537F242C0F8197005FC3F9 /* Hospital_Management_SystemApp.swift in Sources */,
				FAC07AF62C14BD5000589388 /* labController.swift in Sources */,
				FA537F6D2C0FAB41005FC3F9 /* DoctorHomeView.swift in Sources */,
				FA537F512C0FA069005FC3F9 /* MainPatientView.swift in Sources */,
				FA537F612C0FA2B7005FC3F9 /* PatientHomeView.swift in Sources */,
				FA537F552C0FA088005FC3F9 /* MainAdminView.swift in Sources */,
				FA537F712C0FABD6005FC3F9 /* DoctorsList-AdminView.swift in Sources */,
				FA537F392C0F82C7005FC3F9 /* Patient.swift in Sources */,
				FA537F672C0FAB00005FC3F9 /* ScheduledAppointmentsView.swift in Sources */,
				FA537F732C0FAC2D005FC3F9 /* LaboratoryTests_AdminView.swift in Sources */,
				FA537F3F2C0F9638005FC3F9 /* User.swift in Sources */,
				FA537F5B2C0FA14C005FC3F9 /* DetailedDoctorView.swift in Sources */,
				FA537F5F2C0FA194005FC3F9 /* HealthDetailsView.swift in Sources */,
				FA537F752C0FAC40005FC3F9 /* PatientsList_AdminView.swift in Sources */,
				FA537F572C0FA0C3005FC3F9 /* CategoriesListView.swift in Sources */,
				FABF630B2C11AC1E00F7EB75 /* BookAppointmentView.swift in Sources */,
			);
			runOnlyForDeploymentPostprocessing = 0;
		};
/* End PBXSourcesBuildPhase section */

/* Begin XCBuildConfiguration section */
		FA537F2C2C0F8199005FC3F9 /* Debug */ = {
			isa = XCBuildConfiguration;
			buildSettings = {
				ALWAYS_SEARCH_USER_PATHS = NO;
				ASSETCATALOG_COMPILER_GENERATE_SWIFT_ASSET_SYMBOL_EXTENSIONS = YES;
				CLANG_ANALYZER_NONNULL = YES;
				CLANG_ANALYZER_NUMBER_OBJECT_CONVERSION = YES_AGGRESSIVE;
				CLANG_CXX_LANGUAGE_STANDARD = "gnu++20";
				CLANG_ENABLE_MODULES = YES;
				CLANG_ENABLE_OBJC_ARC = YES;
				CLANG_ENABLE_OBJC_WEAK = YES;
				CLANG_WARN_BLOCK_CAPTURE_AUTORELEASING = YES;
				CLANG_WARN_BOOL_CONVERSION = YES;
				CLANG_WARN_COMMA = YES;
				CLANG_WARN_CONSTANT_CONVERSION = YES;
				CLANG_WARN_DEPRECATED_OBJC_IMPLEMENTATIONS = YES;
				CLANG_WARN_DIRECT_OBJC_ISA_USAGE = YES_ERROR;
				CLANG_WARN_DOCUMENTATION_COMMENTS = YES;
				CLANG_WARN_EMPTY_BODY = YES;
				CLANG_WARN_ENUM_CONVERSION = YES;
				CLANG_WARN_INFINITE_RECURSION = YES;
				CLANG_WARN_INT_CONVERSION = YES;
				CLANG_WARN_NON_LITERAL_NULL_CONVERSION = YES;
				CLANG_WARN_OBJC_IMPLICIT_RETAIN_SELF = YES;
				CLANG_WARN_OBJC_LITERAL_CONVERSION = YES;
				CLANG_WARN_OBJC_ROOT_CLASS = YES_ERROR;
				CLANG_WARN_QUOTED_INCLUDE_IN_FRAMEWORK_HEADER = YES;
				CLANG_WARN_RANGE_LOOP_ANALYSIS = YES;
				CLANG_WARN_STRICT_PROTOTYPES = YES;
				CLANG_WARN_SUSPICIOUS_MOVE = YES;
				CLANG_WARN_UNGUARDED_AVAILABILITY = YES_AGGRESSIVE;
				CLANG_WARN_UNREACHABLE_CODE = YES;
				CLANG_WARN__DUPLICATE_METHOD_MATCH = YES;
				COPY_PHASE_STRIP = NO;
				DEBUG_INFORMATION_FORMAT = dwarf;
				ENABLE_STRICT_OBJC_MSGSEND = YES;
				ENABLE_TESTABILITY = YES;
				ENABLE_USER_SCRIPT_SANDBOXING = YES;
				GCC_C_LANGUAGE_STANDARD = gnu17;
				GCC_DYNAMIC_NO_PIC = NO;
				GCC_NO_COMMON_BLOCKS = YES;
				GCC_OPTIMIZATION_LEVEL = 0;
				GCC_PREPROCESSOR_DEFINITIONS = (
					"DEBUG=1",
					"$(inherited)",
				);
				GCC_WARN_64_TO_32_BIT_CONVERSION = YES;
				GCC_WARN_ABOUT_RETURN_TYPE = YES_ERROR;
				GCC_WARN_UNDECLARED_SELECTOR = YES;
				GCC_WARN_UNINITIALIZED_AUTOS = YES_AGGRESSIVE;
				GCC_WARN_UNUSED_FUNCTION = YES;
				GCC_WARN_UNUSED_VARIABLE = YES;
				IPHONEOS_DEPLOYMENT_TARGET = 17.5;
				LOCALIZATION_PREFERS_STRING_CATALOGS = YES;
				MTL_ENABLE_DEBUG_INFO = INCLUDE_SOURCE;
				MTL_FAST_MATH = YES;
				ONLY_ACTIVE_ARCH = YES;
				SDKROOT = iphoneos;
				SWIFT_ACTIVE_COMPILATION_CONDITIONS = "DEBUG $(inherited)";
				SWIFT_OPTIMIZATION_LEVEL = "-Onone";
			};
			name = Debug;
		};
		FA537F2D2C0F8199005FC3F9 /* Release */ = {
			isa = XCBuildConfiguration;
			buildSettings = {
				ALWAYS_SEARCH_USER_PATHS = NO;
				ASSETCATALOG_COMPILER_GENERATE_SWIFT_ASSET_SYMBOL_EXTENSIONS = YES;
				CLANG_ANALYZER_NONNULL = YES;
				CLANG_ANALYZER_NUMBER_OBJECT_CONVERSION = YES_AGGRESSIVE;
				CLANG_CXX_LANGUAGE_STANDARD = "gnu++20";
				CLANG_ENABLE_MODULES = YES;
				CLANG_ENABLE_OBJC_ARC = YES;
				CLANG_ENABLE_OBJC_WEAK = YES;
				CLANG_WARN_BLOCK_CAPTURE_AUTORELEASING = YES;
				CLANG_WARN_BOOL_CONVERSION = YES;
				CLANG_WARN_COMMA = YES;
				CLANG_WARN_CONSTANT_CONVERSION = YES;
				CLANG_WARN_DEPRECATED_OBJC_IMPLEMENTATIONS = YES;
				CLANG_WARN_DIRECT_OBJC_ISA_USAGE = YES_ERROR;
				CLANG_WARN_DOCUMENTATION_COMMENTS = YES;
				CLANG_WARN_EMPTY_BODY = YES;
				CLANG_WARN_ENUM_CONVERSION = YES;
				CLANG_WARN_INFINITE_RECURSION = YES;
				CLANG_WARN_INT_CONVERSION = YES;
				CLANG_WARN_NON_LITERAL_NULL_CONVERSION = YES;
				CLANG_WARN_OBJC_IMPLICIT_RETAIN_SELF = YES;
				CLANG_WARN_OBJC_LITERAL_CONVERSION = YES;
				CLANG_WARN_OBJC_ROOT_CLASS = YES_ERROR;
				CLANG_WARN_QUOTED_INCLUDE_IN_FRAMEWORK_HEADER = YES;
				CLANG_WARN_RANGE_LOOP_ANALYSIS = YES;
				CLANG_WARN_STRICT_PROTOTYPES = YES;
				CLANG_WARN_SUSPICIOUS_MOVE = YES;
				CLANG_WARN_UNGUARDED_AVAILABILITY = YES_AGGRESSIVE;
				CLANG_WARN_UNREACHABLE_CODE = YES;
				CLANG_WARN__DUPLICATE_METHOD_MATCH = YES;
				COPY_PHASE_STRIP = NO;
				DEBUG_INFORMATION_FORMAT = "dwarf-with-dsym";
				ENABLE_NS_ASSERTIONS = NO;
				ENABLE_STRICT_OBJC_MSGSEND = YES;
				ENABLE_USER_SCRIPT_SANDBOXING = YES;
				GCC_C_LANGUAGE_STANDARD = gnu17;
				GCC_NO_COMMON_BLOCKS = YES;
				GCC_WARN_64_TO_32_BIT_CONVERSION = YES;
				GCC_WARN_ABOUT_RETURN_TYPE = YES_ERROR;
				GCC_WARN_UNDECLARED_SELECTOR = YES;
				GCC_WARN_UNINITIALIZED_AUTOS = YES_AGGRESSIVE;
				GCC_WARN_UNUSED_FUNCTION = YES;
				GCC_WARN_UNUSED_VARIABLE = YES;
				IPHONEOS_DEPLOYMENT_TARGET = 17.5;
				LOCALIZATION_PREFERS_STRING_CATALOGS = YES;
				MTL_ENABLE_DEBUG_INFO = NO;
				MTL_FAST_MATH = YES;
				SDKROOT = iphoneos;
				SWIFT_COMPILATION_MODE = wholemodule;
				VALIDATE_PRODUCT = YES;
			};
			name = Release;
		};
		FA537F2F2C0F8199005FC3F9 /* Debug */ = {
			isa = XCBuildConfiguration;
			buildSettings = {
				ASSETCATALOG_COMPILER_APPICON_NAME = AppIcon;
				ASSETCATALOG_COMPILER_GLOBAL_ACCENT_COLOR_NAME = AccentColor;
				CODE_SIGN_STYLE = Automatic;
				CURRENT_PROJECT_VERSION = 1;
				DEVELOPMENT_ASSET_PATHS = "\"Hospital-Management-System/Preview Content\"";
				DEVELOPMENT_TEAM = FLP7J4H463;
				ENABLE_PREVIEWS = YES;
				GENERATE_INFOPLIST_FILE = YES;
				INFOPLIST_KEY_UIApplicationSceneManifest_Generation = YES;
				INFOPLIST_KEY_UIApplicationSupportsIndirectInputEvents = YES;
				INFOPLIST_KEY_UILaunchScreen_Generation = YES;
				INFOPLIST_KEY_UISupportedInterfaceOrientations_iPad = "UIInterfaceOrientationPortrait UIInterfaceOrientationPortraitUpsideDown UIInterfaceOrientationLandscapeLeft UIInterfaceOrientationLandscapeRight";
				INFOPLIST_KEY_UISupportedInterfaceOrientations_iPhone = "UIInterfaceOrientationPortrait UIInterfaceOrientationLandscapeLeft UIInterfaceOrientationLandscapeRight";
				LD_RUNPATH_SEARCH_PATHS = (
					"$(inherited)",
					"@executable_path/Frameworks",
				);
				MARKETING_VERSION = 1.0;
				PRODUCT_BUNDLE_IDENTIFIER = "com.Hospital-Management-System";
				PRODUCT_NAME = "$(TARGET_NAME)";
				SWIFT_EMIT_LOC_STRINGS = YES;
				SWIFT_VERSION = 5.0;
				TARGETED_DEVICE_FAMILY = "1,2";
			};
			name = Debug;
		};
		FA537F302C0F8199005FC3F9 /* Release */ = {
			isa = XCBuildConfiguration;
			buildSettings = {
				ASSETCATALOG_COMPILER_APPICON_NAME = AppIcon;
				ASSETCATALOG_COMPILER_GLOBAL_ACCENT_COLOR_NAME = AccentColor;
				CODE_SIGN_STYLE = Automatic;
				CURRENT_PROJECT_VERSION = 1;
				DEVELOPMENT_ASSET_PATHS = "\"Hospital-Management-System/Preview Content\"";
				DEVELOPMENT_TEAM = FLP7J4H463;
				ENABLE_PREVIEWS = YES;
				GENERATE_INFOPLIST_FILE = YES;
				INFOPLIST_KEY_UIApplicationSceneManifest_Generation = YES;
				INFOPLIST_KEY_UIApplicationSupportsIndirectInputEvents = YES;
				INFOPLIST_KEY_UILaunchScreen_Generation = YES;
				INFOPLIST_KEY_UISupportedInterfaceOrientations_iPad = "UIInterfaceOrientationPortrait UIInterfaceOrientationPortraitUpsideDown UIInterfaceOrientationLandscapeLeft UIInterfaceOrientationLandscapeRight";
				INFOPLIST_KEY_UISupportedInterfaceOrientations_iPhone = "UIInterfaceOrientationPortrait UIInterfaceOrientationLandscapeLeft UIInterfaceOrientationLandscapeRight";
				LD_RUNPATH_SEARCH_PATHS = (
					"$(inherited)",
					"@executable_path/Frameworks",
				);
				MARKETING_VERSION = 1.0;
				PRODUCT_BUNDLE_IDENTIFIER = "com.Hospital-Management-System";
				PRODUCT_NAME = "$(TARGET_NAME)";
				SWIFT_EMIT_LOC_STRINGS = YES;
				SWIFT_VERSION = 5.0;
				TARGETED_DEVICE_FAMILY = "1,2";
			};
			name = Release;
		};
/* End XCBuildConfiguration section */

/* Begin XCConfigurationList section */
		FA537F1B2C0F8197005FC3F9 /* Build configuration list for PBXProject "Hospital-Management-System" */ = {
			isa = XCConfigurationList;
			buildConfigurations = (
				FA537F2C2C0F8199005FC3F9 /* Debug */,
				FA537F2D2C0F8199005FC3F9 /* Release */,
			);
			defaultConfigurationIsVisible = 0;
			defaultConfigurationName = Release;
		};
		FA537F2E2C0F8199005FC3F9 /* Build configuration list for PBXNativeTarget "Hospital-Management-System" */ = {
			isa = XCConfigurationList;
			buildConfigurations = (
				FA537F2F2C0F8199005FC3F9 /* Debug */,
				FA537F302C0F8199005FC3F9 /* Release */,
			);
			defaultConfigurationIsVisible = 0;
			defaultConfigurationName = Release;
		};
/* End XCConfigurationList section */
	};
	rootObject = FA537F182C0F8197005FC3F9 /* Project object */;
}
